
Microsoft Visual Studio Solution File, Format Version 12.00
# Visual Studio 15
VisualStudioVersion = 15.0.28307.489
MinimumVisualStudioVersion = 10.0.40219.1
Project("{FAE04EC0-301F-11D3-BF4B-00C04F79EFBC}") = "National Funding 2.0", "NationalFundingDev\National Funding 2.0.csproj", "{5C9F7502-7C5B-4409-BC49-A4C54DC6FB40}"
EndProject
Global
	GlobalSection(SolutionConfigurationPlatforms) = preSolution
		Debug|Any CPU = Debug|Any CPU
		Release|Any CPU = Release|Any CPU
	EndGlobalSection
	GlobalSection(ProjectConfigurationPlatforms) = postSolution
		{5C9F7502-7C5B-4409-BC49-A4C54DC6FB40}.Debug|Any CPU.ActiveCfg = Debug|Any CPU
		{5C9F7502-7C5B-4409-BC49-A4C54DC6FB40}.Debug|Any CPU.Build.0 = Debug|Any CPU
		{5C9F7502-7C5B-4409-BC49-A4C54DC6FB40}.Release|Any CPU.ActiveCfg = Release|Any CPU
		{5C9F7502-7C5B-4409-BC49-A4C54DC6FB40}.Release|Any CPU.Build.0 = Release|Any CPU
	EndGlobalSection
	GlobalSection(SolutionProperties) = preSolution
		HideSolutionNode = FALSE
	EndGlobalSection
	GlobalSection(ExtensibilityGlobals) = postSolution
		SolutionGuid = {EDF6018C-8560-40D8-A6FE-1344B09B4C64}
	EndGlobalSection
EndGlobal
